
Microsoft Visual Studio Solution File, Format Version 12.00
# Visual Studio 15
VisualStudioVersion = 15.0.26923.0
MinimumVisualStudioVersion = 10.0.40219.1
Project("{FAE04EC0-301F-11D3-BF4B-00C04F79EFBC}") = "BookApp", "BookApp\BookApp.csproj", "{4F26018E-B26A-4509-8CEF-FAE82E686FB4}"
EndProject
Project("{FAE04EC0-301F-11D3-BF4B-00C04F79EFBC}") = "BookLib", "BookLib\BookLib.csproj", "{8ED75BD0-C141-4E05-A780-516935EBA213}"
EndProject
Global
	GlobalSection(SolutionConfigurationPlatforms) = preSolution
		Debug|Any CPU = Debug|Any CPU
		Release|Any CPU = Release|Any CPU
	EndGlobalSection
	GlobalSection(ProjectConfigurationPlatforms) = postSolution
		{4F26018E-B26A-4509-8CEF-FAE82E686FB4}.Debug|Any CPU.ActiveCfg = Debug|Any CPU
		{4F26018E-B26A-4509-8CEF-FAE82E686FB4}.Debug|Any CPU.Build.0 = Debug|Any CPU
		{4F26018E-B26A-4509-8CEF-FAE82E686FB4}.Release|Any CPU.ActiveCfg = Release|Any CPU
		{4F26018E-B26A-4509-8CEF-FAE82E686FB4}.Release|Any CPU.Build.0 = Release|Any CPU
		{8ED75BD0-C141-4E05-A780-516935EBA213}.Debug|Any CPU.ActiveCfg = Debug|Any CPU
		{8ED75BD0-C141-4E05-A780-516935EBA213}.Debug|Any CPU.Build.0 = Debug|Any CPU
		{8ED75BD0-C141-4E05-A780-516935EBA213}.Release|Any CPU.ActiveCfg = Release|Any CPU
		{8ED75BD0-C141-4E05-A780-516935EBA213}.Release|Any CPU.Build.0 = Release|Any CPU
	EndGlobalSection
	GlobalSection(SolutionProperties) = preSolution
		HideSolutionNode = FALSE
	EndGlobalSection
	GlobalSection(ExtensibilityGlobals) = postSolution
		SolutionGuid = {1F60800D-1C5C-46AF-9AB4-FF89197DE09B}
	EndGlobalSection
EndGlobal
